
Microsoft Visual Studio Solution File, Format Version 12.00
# Visual Studio Version 16
VisualStudioVersion = 16.0.30907.101
MinimumVisualStudioVersion = 10.0.40219.1
Project("{9A19103F-16F7-4668-BE54-9A1E7A4F7556}") = "SchoolApplication", "SchoolApplication\SchoolApplication.csproj", "{54805DD1-46AC-419A-BE21-5D2775060506}"
EndProject
Project("{FAE04EC0-301F-11D3-BF4B-00C04F79EFBC}") = "SchoolApplication.Data", "SchoolApplication.Data\SchoolApplication.Data.csproj", "{27AA2542-6A51-4882-9004-D59230C73B4D}"
EndProject
Global
	GlobalSection(SolutionConfigurationPlatforms) = preSolution
		Debug|Any CPU = Debug|Any CPU
		Release|Any CPU = Release|Any CPU
	EndGlobalSection
	GlobalSection(ProjectConfigurationPlatforms) = postSolution
		{54805DD1-46AC-419A-BE21-5D2775060506}.Debug|Any CPU.ActiveCfg = Debug|Any CPU
		{54805DD1-46AC-419A-BE21-5D2775060506}.Debug|Any CPU.Build.0 = Debug|Any CPU
		{54805DD1-46AC-419A-BE21-5D2775060506}.Release|Any CPU.ActiveCfg = Release|Any CPU
		{54805DD1-46AC-419A-BE21-5D2775060506}.Release|Any CPU.Build.0 = Release|Any CPU
		{27AA2542-6A51-4882-9004-D59230C73B4D}.Debug|Any CPU.ActiveCfg = Debug|Any CPU
		{27AA2542-6A51-4882-9004-D59230C73B4D}.Debug|Any CPU.Build.0 = Debug|Any CPU
		{27AA2542-6A51-4882-9004-D59230C73B4D}.Release|Any CPU.ActiveCfg = Release|Any CPU
		{27AA2542-6A51-4882-9004-D59230C73B4D}.Release|Any CPU.Build.0 = Release|Any CPU
	EndGlobalSection
	GlobalSection(SolutionProperties) = preSolution
		HideSolutionNode = FALSE
	EndGlobalSection
	GlobalSection(ExtensibilityGlobals) = postSolution
		SolutionGuid = {C8EAB964-D76E-4098-9D18-0DDCAE7B604C}
	EndGlobalSection
EndGlobal
